
Microsoft Visual Studio Solution File, Format Version 12.00
# Visual Studio Version 17
VisualStudioVersion = 17.8.34322.80
MinimumVisualStudioVersion = 10.0.40219.1
Project("{FAE04EC0-301F-11D3-BF4B-00C04F79EFBC}") = "OOP-C#-WindForm", "OOP-C#-WindForm\OOP-C#-WindForm.csproj", "{B2BA102A-92CA-4BAF-9234-AECD79B50A1B}"
EndProject
Global
	GlobalSection(SolutionConfigurationPlatforms) = preSolution
		Debug|Any CPU = Debug|Any CPU
		Release|Any CPU = Release|Any CPU
	EndGlobalSection
	GlobalSection(ProjectConfigurationPlatforms) = postSolution
		{B2BA102A-92CA-4BAF-9234-AECD79B50A1B}.Debug|Any CPU.ActiveCfg = Debug|Any CPU
		{B2BA102A-92CA-4BAF-9234-AECD79B50A1B}.Debug|Any CPU.Build.0 = Debug|Any CPU
		{B2BA102A-92CA-4BAF-9234-AECD79B50A1B}.Release|Any CPU.ActiveCfg = Release|Any CPU
		{B2BA102A-92CA-4BAF-9234-AECD79B50A1B}.Release|Any CPU.Build.0 = Release|Any CPU
	EndGlobalSection
	GlobalSection(SolutionProperties) = preSolution
		HideSolutionNode = FALSE
	EndGlobalSection
	GlobalSection(ExtensibilityGlobals) = postSolution
		SolutionGuid = {2719B8D8-C8DF-453A-8B7B-DFD449B3B69E}
	EndGlobalSection
EndGlobal
