
Microsoft Visual Studio Solution File, Format Version 12.00
# Visual Studio Version 17
VisualStudioVersion = 17.8.34322.80
MinimumVisualStudioVersion = 10.0.40219.1
Project("{FAE04EC0-301F-11D3-BF4B-00C04F79EFBC}") = "Lab2", "Lab2\Lab2.csproj", "{291BEE76-C4CA-4515-B1E2-570650B4C9BC}"
EndProject
Global
	GlobalSection(SolutionConfigurationPlatforms) = preSolution
		Debug|Any CPU = Debug|Any CPU
		Release|Any CPU = Release|Any CPU
	EndGlobalSection
	GlobalSection(ProjectConfigurationPlatforms) = postSolution
		{291BEE76-C4CA-4515-B1E2-570650B4C9BC}.Debug|Any CPU.ActiveCfg = Debug|Any CPU
		{291BEE76-C4CA-4515-B1E2-570650B4C9BC}.Debug|Any CPU.Build.0 = Debug|Any CPU
		{291BEE76-C4CA-4515-B1E2-570650B4C9BC}.Release|Any CPU.ActiveCfg = Release|Any CPU
		{291BEE76-C4CA-4515-B1E2-570650B4C9BC}.Release|Any CPU.Build.0 = Release|Any CPU
	EndGlobalSection
	GlobalSection(SolutionProperties) = preSolution
		HideSolutionNode = FALSE
	EndGlobalSection
	GlobalSection(ExtensibilityGlobals) = postSolution
		SolutionGuid = {88512DA3-6BAB-460D-86BE-FE85113D0032}
	EndGlobalSection
EndGlobal
